
Microsoft Visual Studio Solution File, Format Version 12.00
# Visual Studio 2012
Project("{2150E333-8FDC-42A3-9474-1A3956D46DE8}") = "Plugins", "Plugins", "{F248D807-4643-4EBB-8697-1323F35930FE}"
EndProject
Project("{2150E333-8FDC-42A3-9474-1A3956D46DE8}") = "Core", "Core", "{95BA2698-F938-49BE-B55E-1B2F2FC1269F}"
EndProject
Project("{2150E333-8FDC-42A3-9474-1A3956D46DE8}") = "Samples", "Samples", "{63544738-20E9-459A-83F6-D18EF70B6157}"
EndProject
Project("{2150E333-8FDC-42A3-9474-1A3956D46DE8}") = "Solution Items", "Solution Items", "{73A35696-832A-4B80-9340-5D36C6F223AA}"
	ProjectSection(SolutionItems) = preProject
		references\Db4objects.Db4o.dll = references\Db4objects.Db4o.dll
		references\Db4objects.Db4o.NativeQueries.dll = references\Db4objects.Db4o.NativeQueries.dll
		license.txt = license.txt
	EndProjectSection
EndProject
Project("{FAE04EC0-301F-11D3-BF4B-00C04F79EFBC}") = "Magix.Core", "Magix.core\Magix.Core.csproj", "{11376D5F-13BD-4529-BA92-DDE415B96220}"
EndProject
Project("{FAE04EC0-301F-11D3-BF4B-00C04F79EFBC}") = "Magix.app", "Magix.app\Magix.app.csproj", "{1048405F-2036-4A8B-BC8B-EE2315B9E9F1}"
EndProject
Project("{FAE04EC0-301F-11D3-BF4B-00C04F79EFBC}") = "Magix.UX", "Magix.UX\Magix.UX.csproj", "{FDD15C94-7DC2-4D19-9AF4-0E9FD8CCC443}"
EndProject
Project("{FAE04EC0-301F-11D3-BF4B-00C04F79EFBC}") = "Magix.viewports", "Magix.viewports\Magix.viewports.csproj", "{47AFBBBE-CDF6-4B3A-8BD8-478406735C99}"
EndProject
Project("{FAE04EC0-301F-11D3-BF4B-00C04F79EFBC}") = "Magix.SampleController", "Magix.SampleController\Magix.SampleController.csproj", "{B9D247FE-C4EA-49B2-83E9-0ED75D844B72}"
EndProject
Project("{FAE04EC0-301F-11D3-BF4B-00C04F79EFBC}") = "Magix.admin", "Plugins\Magix.admin\Magix.admin.csproj", "{381E2551-3305-4757-B652-AFC9ADCB9D3E}"
EndProject
Project("{FAE04EC0-301F-11D3-BF4B-00C04F79EFBC}") = "Magix.data", "Plugins\Magix.data\Magix.data.csproj", "{4FC8426A-ED89-4100-887E-C571E3DC9C8C}"
EndProject
Project("{FAE04EC0-301F-11D3-BF4B-00C04F79EFBC}") = "Magix.execute", "Plugins\Magix.execute\Magix.execute.csproj", "{7BBD5BD2-E3FE-42C2-94F8-878F4156A03E}"
EndProject
Project("{FAE04EC0-301F-11D3-BF4B-00C04F79EFBC}") = "Magix.file", "Plugins\Magix.file\Magix.file.csproj", "{F357EB84-40B4-4B9F-AFC0-DF7EEBFBAF82}"
EndProject
Project("{FAE04EC0-301F-11D3-BF4B-00C04F79EFBC}") = "Magix.forms", "Plugins\Magix.forms\Magix.forms.csproj", "{71FE057E-9D78-423F-8664-2FAE2D0D56A1}"
EndProject
Project("{FAE04EC0-301F-11D3-BF4B-00C04F79EFBC}") = "Magix.help", "Plugins\Magix.help\Magix.help.csproj", "{CB7EE54E-9957-4202-AF61-FC6C40053B4C}"
EndProject
Project("{FAE04EC0-301F-11D3-BF4B-00C04F79EFBC}") = "Magix.ide", "Plugins\Magix.ide\Magix.ide.csproj", "{686BE5B7-2EC5-4ADF-9483-A3DD90D472F9}"
EndProject
Project("{FAE04EC0-301F-11D3-BF4B-00C04F79EFBC}") = "Magix.log", "Plugins\Magix.log\Magix.log.csproj", "{15893CBD-D0DD-47DF-8083-7B33E0DAAFF6}"
EndProject
Project("{FAE04EC0-301F-11D3-BF4B-00C04F79EFBC}") = "Magix.tests", "Plugins\Magix.tests\Magix.tests.csproj", "{40E6B621-1424-4A4C-9349-EB5C8FCD7D10}"
EndProject
Project("{FAE04EC0-301F-11D3-BF4B-00C04F79EFBC}") = "Magix.tiedown", "Plugins\Magix.tiedown\Magix.tiedown.csproj", "{BF9F868C-7023-4F75-A96A-9401EDB50877}"
EndProject
Project("{FAE04EC0-301F-11D3-BF4B-00C04F79EFBC}") = "Magix.web", "Plugins\Magix.web\Magix.web.csproj", "{AE728F8E-A41F-41FF-B5D4-013C9849D5B2}"
EndProject
Project("{FAE04EC0-301F-11D3-BF4B-00C04F79EFBC}") = "Magix.xml", "Plugins\Magix.xml\Magix.xml.csproj", "{EAE2F2AE-0098-44F1-8B3D-1887266E94CF}"
EndProject
Project("{FAE04EC0-301F-11D3-BF4B-00C04F79EFBC}") = "Magix.math", "Plugins\Magix.math\Magix.math.csproj", "{C7A7379B-B495-4D6A-B951-3388F5248FA3}"
EndProject
Project("{2150E333-8FDC-42A3-9474-1A3956D46DE8}") = "Tools", "Tools", "{59698B4A-2CB8-46B3-A63A-DB1B3C79034B}"
EndProject
Project("{FAE04EC0-301F-11D3-BF4B-00C04F79EFBC}") = "QRCodeLib", "Tools\QRCodeLib\QRCodeLib.csproj", "{E98126B2-AF17-4783-96B9-856D6744DCA3}"
EndProject
Project("{FAE04EC0-301F-11D3-BF4B-00C04F79EFBC}") = "Magix.QR", "Plugins\Magix.QR\Magix.QR.csproj", "{5EB411DF-ED41-49C5-902F-0D0453B5B698}"
EndProject
Project("{FAE04EC0-301F-11D3-BF4B-00C04F79EFBC}") = "Microsoft.sql", "Plugins\Magix.sql\Microsoft.sql.csproj", "{E438846C-9C26-48C0-82FA-C0AFB9CD355E}"
EndProject
Global
	GlobalSection(SolutionConfigurationPlatforms) = preSolution
		Debug|Any CPU = Debug|Any CPU
		Release|Any CPU = Release|Any CPU
	EndGlobalSection
	GlobalSection(ProjectConfigurationPlatforms) = postSolution
		{11376D5F-13BD-4529-BA92-DDE415B96220}.Debug|Any CPU.ActiveCfg = Debug|Any CPU
		{11376D5F-13BD-4529-BA92-DDE415B96220}.Debug|Any CPU.Build.0 = Debug|Any CPU
		{11376D5F-13BD-4529-BA92-DDE415B96220}.Release|Any CPU.ActiveCfg = Release|Any CPU
		{11376D5F-13BD-4529-BA92-DDE415B96220}.Release|Any CPU.Build.0 = Release|Any CPU
		{1048405F-2036-4A8B-BC8B-EE2315B9E9F1}.Debug|Any CPU.ActiveCfg = Debug|Any CPU
		{1048405F-2036-4A8B-BC8B-EE2315B9E9F1}.Debug|Any CPU.Build.0 = Debug|Any CPU
		{1048405F-2036-4A8B-BC8B-EE2315B9E9F1}.Release|Any CPU.ActiveCfg = Release|Any CPU
		{1048405F-2036-4A8B-BC8B-EE2315B9E9F1}.Release|Any CPU.Build.0 = Release|Any CPU
		{FDD15C94-7DC2-4D19-9AF4-0E9FD8CCC443}.Debug|Any CPU.ActiveCfg = Debug|Any CPU
		{FDD15C94-7DC2-4D19-9AF4-0E9FD8CCC443}.Debug|Any CPU.Build.0 = Debug|Any CPU
		{FDD15C94-7DC2-4D19-9AF4-0E9FD8CCC443}.Release|Any CPU.ActiveCfg = Release|Any CPU
		{FDD15C94-7DC2-4D19-9AF4-0E9FD8CCC443}.Release|Any CPU.Build.0 = Release|Any CPU
		{47AFBBBE-CDF6-4B3A-8BD8-478406735C99}.Debug|Any CPU.ActiveCfg = Debug|Any CPU
		{47AFBBBE-CDF6-4B3A-8BD8-478406735C99}.Debug|Any CPU.Build.0 = Debug|Any CPU
		{47AFBBBE-CDF6-4B3A-8BD8-478406735C99}.Release|Any CPU.ActiveCfg = Release|Any CPU
		{47AFBBBE-CDF6-4B3A-8BD8-478406735C99}.Release|Any CPU.Build.0 = Release|Any CPU
		{B9D247FE-C4EA-49B2-83E9-0ED75D844B72}.Debug|Any CPU.ActiveCfg = Debug|Any CPU
		{B9D247FE-C4EA-49B2-83E9-0ED75D844B72}.Debug|Any CPU.Build.0 = Debug|Any CPU
		{B9D247FE-C4EA-49B2-83E9-0ED75D844B72}.Release|Any CPU.ActiveCfg = Release|Any CPU
		{B9D247FE-C4EA-49B2-83E9-0ED75D844B72}.Release|Any CPU.Build.0 = Release|Any CPU
		{381E2551-3305-4757-B652-AFC9ADCB9D3E}.Debug|Any CPU.ActiveCfg = Debug|Any CPU
		{381E2551-3305-4757-B652-AFC9ADCB9D3E}.Debug|Any CPU.Build.0 = Debug|Any CPU
		{381E2551-3305-4757-B652-AFC9ADCB9D3E}.Release|Any CPU.ActiveCfg = Release|Any CPU
		{381E2551-3305-4757-B652-AFC9ADCB9D3E}.Release|Any CPU.Build.0 = Release|Any CPU
		{4FC8426A-ED89-4100-887E-C571E3DC9C8C}.Debug|Any CPU.ActiveCfg = Debug|Any CPU
		{4FC8426A-ED89-4100-887E-C571E3DC9C8C}.Debug|Any CPU.Build.0 = Debug|Any CPU
		{4FC8426A-ED89-4100-887E-C571E3DC9C8C}.Release|Any CPU.ActiveCfg = Release|Any CPU
		{4FC8426A-ED89-4100-887E-C571E3DC9C8C}.Release|Any CPU.Build.0 = Release|Any CPU
		{7BBD5BD2-E3FE-42C2-94F8-878F4156A03E}.Debug|Any CPU.ActiveCfg = Debug|Any CPU
		{7BBD5BD2-E3FE-42C2-94F8-878F4156A03E}.Debug|Any CPU.Build.0 = Debug|Any CPU
		{7BBD5BD2-E3FE-42C2-94F8-878F4156A03E}.Release|Any CPU.ActiveCfg = Release|Any CPU
		{7BBD5BD2-E3FE-42C2-94F8-878F4156A03E}.Release|Any CPU.Build.0 = Release|Any CPU
		{F357EB84-40B4-4B9F-AFC0-DF7EEBFBAF82}.Debug|Any CPU.ActiveCfg = Debug|Any CPU
		{F357EB84-40B4-4B9F-AFC0-DF7EEBFBAF82}.Debug|Any CPU.Build.0 = Debug|Any CPU
		{F357EB84-40B4-4B9F-AFC0-DF7EEBFBAF82}.Release|Any CPU.ActiveCfg = Release|Any CPU
		{F357EB84-40B4-4B9F-AFC0-DF7EEBFBAF82}.Release|Any CPU.Build.0 = Release|Any CPU
		{71FE057E-9D78-423F-8664-2FAE2D0D56A1}.Debug|Any CPU.ActiveCfg = Debug|Any CPU
		{71FE057E-9D78-423F-8664-2FAE2D0D56A1}.Debug|Any CPU.Build.0 = Debug|Any CPU
		{71FE057E-9D78-423F-8664-2FAE2D0D56A1}.Release|Any CPU.ActiveCfg = Release|Any CPU
		{71FE057E-9D78-423F-8664-2FAE2D0D56A1}.Release|Any CPU.Build.0 = Release|Any CPU
		{CB7EE54E-9957-4202-AF61-FC6C40053B4C}.Debug|Any CPU.ActiveCfg = Debug|Any CPU
		{CB7EE54E-9957-4202-AF61-FC6C40053B4C}.Debug|Any CPU.Build.0 = Debug|Any CPU
		{CB7EE54E-9957-4202-AF61-FC6C40053B4C}.Release|Any CPU.ActiveCfg = Release|Any CPU
		{CB7EE54E-9957-4202-AF61-FC6C40053B4C}.Release|Any CPU.Build.0 = Release|Any CPU
		{686BE5B7-2EC5-4ADF-9483-A3DD90D472F9}.Debug|Any CPU.ActiveCfg = Debug|Any CPU
		{686BE5B7-2EC5-4ADF-9483-A3DD90D472F9}.Debug|Any CPU.Build.0 = Debug|Any CPU
		{686BE5B7-2EC5-4ADF-9483-A3DD90D472F9}.Release|Any CPU.ActiveCfg = Release|Any CPU
		{686BE5B7-2EC5-4ADF-9483-A3DD90D472F9}.Release|Any CPU.Build.0 = Release|Any CPU
		{15893CBD-D0DD-47DF-8083-7B33E0DAAFF6}.Debug|Any CPU.ActiveCfg = Debug|Any CPU
		{15893CBD-D0DD-47DF-8083-7B33E0DAAFF6}.Debug|Any CPU.Build.0 = Debug|Any CPU
		{15893CBD-D0DD-47DF-8083-7B33E0DAAFF6}.Release|Any CPU.ActiveCfg = Release|Any CPU
		{15893CBD-D0DD-47DF-8083-7B33E0DAAFF6}.Release|Any CPU.Build.0 = Release|Any CPU
		{40E6B621-1424-4A4C-9349-EB5C8FCD7D10}.Debug|Any CPU.ActiveCfg = Debug|Any CPU
		{40E6B621-1424-4A4C-9349-EB5C8FCD7D10}.Debug|Any CPU.Build.0 = Debug|Any CPU
		{40E6B621-1424-4A4C-9349-EB5C8FCD7D10}.Release|Any CPU.ActiveCfg = Release|Any CPU
		{40E6B621-1424-4A4C-9349-EB5C8FCD7D10}.Release|Any CPU.Build.0 = Release|Any CPU
		{BF9F868C-7023-4F75-A96A-9401EDB50877}.Debug|Any CPU.ActiveCfg = Debug|Any CPU
		{BF9F868C-7023-4F75-A96A-9401EDB50877}.Debug|Any CPU.Build.0 = Debug|Any CPU
		{BF9F868C-7023-4F75-A96A-9401EDB50877}.Release|Any CPU.ActiveCfg = Release|Any CPU
		{BF9F868C-7023-4F75-A96A-9401EDB50877}.Release|Any CPU.Build.0 = Release|Any CPU
		{AE728F8E-A41F-41FF-B5D4-013C9849D5B2}.Debug|Any CPU.ActiveCfg = Debug|Any CPU
		{AE728F8E-A41F-41FF-B5D4-013C9849D5B2}.Debug|Any CPU.Build.0 = Debug|Any CPU
		{AE728F8E-A41F-41FF-B5D4-013C9849D5B2}.Release|Any CPU.ActiveCfg = Release|Any CPU
		{AE728F8E-A41F-41FF-B5D4-013C9849D5B2}.Release|Any CPU.Build.0 = Release|Any CPU
		{EAE2F2AE-0098-44F1-8B3D-1887266E94CF}.Debug|Any CPU.ActiveCfg = Debug|Any CPU
		{EAE2F2AE-0098-44F1-8B3D-1887266E94CF}.Debug|Any CPU.Build.0 = Debug|Any CPU
		{EAE2F2AE-0098-44F1-8B3D-1887266E94CF}.Release|Any CPU.ActiveCfg = Release|Any CPU
		{EAE2F2AE-0098-44F1-8B3D-1887266E94CF}.Release|Any CPU.Build.0 = Release|Any CPU
		{C7A7379B-B495-4D6A-B951-3388F5248FA3}.Debug|Any CPU.ActiveCfg = Debug|Any CPU
		{C7A7379B-B495-4D6A-B951-3388F5248FA3}.Debug|Any CPU.Build.0 = Debug|Any CPU
		{C7A7379B-B495-4D6A-B951-3388F5248FA3}.Release|Any CPU.ActiveCfg = Release|Any CPU
		{C7A7379B-B495-4D6A-B951-3388F5248FA3}.Release|Any CPU.Build.0 = Release|Any CPU
		{E98126B2-AF17-4783-96B9-856D6744DCA3}.Debug|Any CPU.ActiveCfg = Debug|Any CPU
		{E98126B2-AF17-4783-96B9-856D6744DCA3}.Debug|Any CPU.Build.0 = Debug|Any CPU
		{E98126B2-AF17-4783-96B9-856D6744DCA3}.Release|Any CPU.ActiveCfg = Release|Any CPU
		{E98126B2-AF17-4783-96B9-856D6744DCA3}.Release|Any CPU.Build.0 = Release|Any CPU
		{5EB411DF-ED41-49C5-902F-0D0453B5B698}.Debug|Any CPU.ActiveCfg = Debug|Any CPU
		{5EB411DF-ED41-49C5-902F-0D0453B5B698}.Debug|Any CPU.Build.0 = Debug|Any CPU
		{5EB411DF-ED41-49C5-902F-0D0453B5B698}.Release|Any CPU.ActiveCfg = Release|Any CPU
		{5EB411DF-ED41-49C5-902F-0D0453B5B698}.Release|Any CPU.Build.0 = Release|Any CPU
		{E438846C-9C26-48C0-82FA-C0AFB9CD355E}.Debug|Any CPU.ActiveCfg = Debug|Any CPU
		{E438846C-9C26-48C0-82FA-C0AFB9CD355E}.Debug|Any CPU.Build.0 = Debug|Any CPU
		{E438846C-9C26-48C0-82FA-C0AFB9CD355E}.Release|Any CPU.ActiveCfg = Release|Any CPU
		{E438846C-9C26-48C0-82FA-C0AFB9CD355E}.Release|Any CPU.Build.0 = Release|Any CPU
	EndGlobalSection
	GlobalSection(SolutionProperties) = preSolution
		HideSolutionNode = FALSE
	EndGlobalSection
	GlobalSection(NestedProjects) = preSolution
		{381E2551-3305-4757-B652-AFC9ADCB9D3E} = {F248D807-4643-4EBB-8697-1323F35930FE}
		{4FC8426A-ED89-4100-887E-C571E3DC9C8C} = {F248D807-4643-4EBB-8697-1323F35930FE}
		{7BBD5BD2-E3FE-42C2-94F8-878F4156A03E} = {F248D807-4643-4EBB-8697-1323F35930FE}
		{F357EB84-40B4-4B9F-AFC0-DF7EEBFBAF82} = {F248D807-4643-4EBB-8697-1323F35930FE}
		{71FE057E-9D78-423F-8664-2FAE2D0D56A1} = {F248D807-4643-4EBB-8697-1323F35930FE}
		{CB7EE54E-9957-4202-AF61-FC6C40053B4C} = {F248D807-4643-4EBB-8697-1323F35930FE}
		{686BE5B7-2EC5-4ADF-9483-A3DD90D472F9} = {F248D807-4643-4EBB-8697-1323F35930FE}
		{15893CBD-D0DD-47DF-8083-7B33E0DAAFF6} = {F248D807-4643-4EBB-8697-1323F35930FE}
		{40E6B621-1424-4A4C-9349-EB5C8FCD7D10} = {F248D807-4643-4EBB-8697-1323F35930FE}
		{BF9F868C-7023-4F75-A96A-9401EDB50877} = {F248D807-4643-4EBB-8697-1323F35930FE}
		{AE728F8E-A41F-41FF-B5D4-013C9849D5B2} = {F248D807-4643-4EBB-8697-1323F35930FE}
		{EAE2F2AE-0098-44F1-8B3D-1887266E94CF} = {F248D807-4643-4EBB-8697-1323F35930FE}
		{C7A7379B-B495-4D6A-B951-3388F5248FA3} = {F248D807-4643-4EBB-8697-1323F35930FE}
		{5EB411DF-ED41-49C5-902F-0D0453B5B698} = {F248D807-4643-4EBB-8697-1323F35930FE}
		{E438846C-9C26-48C0-82FA-C0AFB9CD355E} = {F248D807-4643-4EBB-8697-1323F35930FE}
		{11376D5F-13BD-4529-BA92-DDE415B96220} = {95BA2698-F938-49BE-B55E-1B2F2FC1269F}
		{1048405F-2036-4A8B-BC8B-EE2315B9E9F1} = {95BA2698-F938-49BE-B55E-1B2F2FC1269F}
		{FDD15C94-7DC2-4D19-9AF4-0E9FD8CCC443} = {95BA2698-F938-49BE-B55E-1B2F2FC1269F}
		{47AFBBBE-CDF6-4B3A-8BD8-478406735C99} = {95BA2698-F938-49BE-B55E-1B2F2FC1269F}
		{B9D247FE-C4EA-49B2-83E9-0ED75D844B72} = {63544738-20E9-459A-83F6-D18EF70B6157}
		{E98126B2-AF17-4783-96B9-856D6744DCA3} = {59698B4A-2CB8-46B3-A63A-DB1B3C79034B}
	EndGlobalSection
	GlobalSection(MonoDevelopProperties) = preSolution
		StartupItem = Magix.app\Magix.app.csproj
	EndGlobalSection
EndGlobal
