
Microsoft Visual Studio Solution File, Format Version 11.00
# Visual Studio 2010
Project("{FAE04EC0-301F-11D3-BF4B-00C04F79EFBC}") = "Magix.UX", "Magix.UX\Magix.UX.csproj", "{FDD15C94-7DC2-4D19-9AF4-0E9FD8CCC443}"
EndProject
Project("{FAE04EC0-301F-11D3-BF4B-00C04F79EFBC}") = "Magix.SampleController", "Magix.SampleController\Magix.SampleController.csproj", "{B9D247FE-C4EA-49B2-83E9-0ED75D844B72}"
EndProject
Project("{FAE04EC0-301F-11D3-BF4B-00C04F79EFBC}") = "Magix.execute", "Magix.execute\Magix.execute.csproj", "{7BBD5BD2-E3FE-42C2-94F8-878F4156A03E}"
EndProject
Project("{FAE04EC0-301F-11D3-BF4B-00C04F79EFBC}") = "Magix.forms", "Magix.forms\Magix.forms.csproj", "{71FE057E-9D78-423F-8664-2FAE2D0D56A1}"
EndProject
Project("{FAE04EC0-301F-11D3-BF4B-00C04F79EFBC}") = "Magix.data", "Magix.data\Magix.data.csproj", "{4FC8426A-ED89-4100-887E-C571E3DC9C8C}"
EndProject
Project("{FAE04EC0-301F-11D3-BF4B-00C04F79EFBC}") = "Magix.Core", "Magix.core\Magix.Core.csproj", "{11376D5F-13BD-4529-BA92-DDE415B96220}"
EndProject
Project("{FAE04EC0-301F-11D3-BF4B-00C04F79EFBC}") = "Magix.viewports", "Magix.viewports\Magix.viewports.csproj", "{47AFBBBE-CDF6-4B3A-8BD8-478406735C99}"
EndProject
Project("{FAE04EC0-301F-11D3-BF4B-00C04F79EFBC}") = "Magix.admin", "Magix.admin\Magix.admin.csproj", "{381E2551-3305-4757-B652-AFC9ADCB9D3E}"
EndProject
Project("{FAE04EC0-301F-11D3-BF4B-00C04F79EFBC}") = "Magix.app", "Magix.app\Magix.app.csproj", "{1048405F-2036-4A8B-BC8B-EE2315B9E9F1}"
EndProject
Project("{FAE04EC0-301F-11D3-BF4B-00C04F79EFBC}") = "Magix.tests", "Magix.tests\Magix.tests.csproj", "{40E6B621-1424-4A4C-9349-EB5C8FCD7D10}"
EndProject
Project("{FAE04EC0-301F-11D3-BF4B-00C04F79EFBC}") = "Magix.threading", "Magix.threading\Magix.threading.csproj", "{5B128787-7719-406B-889D-45737584439C}"
EndProject
Project("{FAE04EC0-301F-11D3-BF4B-00C04F79EFBC}") = "Magix.remoting", "Magix.remoting\Magix.remoting.csproj", "{AC81B6B6-15A1-40F2-98E4-5ACC23BB27C3}"
EndProject
Project("{FAE04EC0-301F-11D3-BF4B-00C04F79EFBC}") = "Magix.events", "Magix.events\Magix.events.csproj", "{E7421BBE-A59D-42C4-949A-A3E0661574B1}"
EndProject
Project("{FAE04EC0-301F-11D3-BF4B-00C04F79EFBC}") = "Magix.file", "Magix.file\Magix.file.csproj", "{F357EB84-40B4-4B9F-AFC0-DF7EEBFBAF82}"
EndProject
Project("{FAE04EC0-301F-11D3-BF4B-00C04F79EFBC}") = "Magix.email", "Magix.email\Magix.email.csproj", "{C84D5706-3630-4B80-B3D2-8D232EA9B095}"
EndProject
Project("{FAE04EC0-301F-11D3-BF4B-00C04F79EFBC}") = "Magix.web", "Magix.web\Magix.web.csproj", "{AE728F8E-A41F-41FF-B5D4-013C9849D5B2}"
EndProject
Global
	GlobalSection(SolutionConfigurationPlatforms) = preSolution
		Debug|Any CPU = Debug|Any CPU
		Release|Any CPU = Release|Any CPU
	EndGlobalSection
	GlobalSection(ProjectConfigurationPlatforms) = postSolution
		{1048405F-2036-4A8B-BC8B-EE2315B9E9F1}.Debug|Any CPU.ActiveCfg = Debug|Any CPU
		{1048405F-2036-4A8B-BC8B-EE2315B9E9F1}.Debug|Any CPU.Build.0 = Debug|Any CPU
		{1048405F-2036-4A8B-BC8B-EE2315B9E9F1}.Release|Any CPU.ActiveCfg = Release|Any CPU
		{1048405F-2036-4A8B-BC8B-EE2315B9E9F1}.Release|Any CPU.Build.0 = Release|Any CPU
		{11376D5F-13BD-4529-BA92-DDE415B96220}.Debug|Any CPU.ActiveCfg = Debug|Any CPU
		{11376D5F-13BD-4529-BA92-DDE415B96220}.Debug|Any CPU.Build.0 = Debug|Any CPU
		{11376D5F-13BD-4529-BA92-DDE415B96220}.Release|Any CPU.ActiveCfg = Release|Any CPU
		{11376D5F-13BD-4529-BA92-DDE415B96220}.Release|Any CPU.Build.0 = Release|Any CPU
		{381E2551-3305-4757-B652-AFC9ADCB9D3E}.Debug|Any CPU.ActiveCfg = Debug|Any CPU
		{381E2551-3305-4757-B652-AFC9ADCB9D3E}.Debug|Any CPU.Build.0 = Debug|Any CPU
		{381E2551-3305-4757-B652-AFC9ADCB9D3E}.Release|Any CPU.ActiveCfg = Release|Any CPU
		{381E2551-3305-4757-B652-AFC9ADCB9D3E}.Release|Any CPU.Build.0 = Release|Any CPU
		{40E6B621-1424-4A4C-9349-EB5C8FCD7D10}.Debug|Any CPU.ActiveCfg = Debug|Any CPU
		{40E6B621-1424-4A4C-9349-EB5C8FCD7D10}.Debug|Any CPU.Build.0 = Debug|Any CPU
		{40E6B621-1424-4A4C-9349-EB5C8FCD7D10}.Release|Any CPU.ActiveCfg = Release|Any CPU
		{40E6B621-1424-4A4C-9349-EB5C8FCD7D10}.Release|Any CPU.Build.0 = Release|Any CPU
		{47AFBBBE-CDF6-4B3A-8BD8-478406735C99}.Debug|Any CPU.ActiveCfg = Debug|Any CPU
		{47AFBBBE-CDF6-4B3A-8BD8-478406735C99}.Debug|Any CPU.Build.0 = Debug|Any CPU
		{47AFBBBE-CDF6-4B3A-8BD8-478406735C99}.Release|Any CPU.ActiveCfg = Release|Any CPU
		{47AFBBBE-CDF6-4B3A-8BD8-478406735C99}.Release|Any CPU.Build.0 = Release|Any CPU
		{4FC8426A-ED89-4100-887E-C571E3DC9C8C}.Debug|Any CPU.ActiveCfg = Debug|Any CPU
		{4FC8426A-ED89-4100-887E-C571E3DC9C8C}.Debug|Any CPU.Build.0 = Debug|Any CPU
		{4FC8426A-ED89-4100-887E-C571E3DC9C8C}.Release|Any CPU.ActiveCfg = Release|Any CPU
		{4FC8426A-ED89-4100-887E-C571E3DC9C8C}.Release|Any CPU.Build.0 = Release|Any CPU
		{5B128787-7719-406B-889D-45737584439C}.Debug|Any CPU.ActiveCfg = Debug|Any CPU
		{5B128787-7719-406B-889D-45737584439C}.Debug|Any CPU.Build.0 = Debug|Any CPU
		{5B128787-7719-406B-889D-45737584439C}.Release|Any CPU.ActiveCfg = Release|Any CPU
		{5B128787-7719-406B-889D-45737584439C}.Release|Any CPU.Build.0 = Release|Any CPU
		{71FE057E-9D78-423F-8664-2FAE2D0D56A1}.Debug|Any CPU.ActiveCfg = Debug|Any CPU
		{71FE057E-9D78-423F-8664-2FAE2D0D56A1}.Debug|Any CPU.Build.0 = Debug|Any CPU
		{71FE057E-9D78-423F-8664-2FAE2D0D56A1}.Release|Any CPU.ActiveCfg = Release|Any CPU
		{71FE057E-9D78-423F-8664-2FAE2D0D56A1}.Release|Any CPU.Build.0 = Release|Any CPU
		{7BBD5BD2-E3FE-42C2-94F8-878F4156A03E}.Debug|Any CPU.ActiveCfg = Debug|Any CPU
		{7BBD5BD2-E3FE-42C2-94F8-878F4156A03E}.Debug|Any CPU.Build.0 = Debug|Any CPU
		{7BBD5BD2-E3FE-42C2-94F8-878F4156A03E}.Release|Any CPU.ActiveCfg = Release|Any CPU
		{7BBD5BD2-E3FE-42C2-94F8-878F4156A03E}.Release|Any CPU.Build.0 = Release|Any CPU
		{AC81B6B6-15A1-40F2-98E4-5ACC23BB27C3}.Debug|Any CPU.ActiveCfg = Debug|Any CPU
		{AC81B6B6-15A1-40F2-98E4-5ACC23BB27C3}.Debug|Any CPU.Build.0 = Debug|Any CPU
		{AC81B6B6-15A1-40F2-98E4-5ACC23BB27C3}.Release|Any CPU.ActiveCfg = Release|Any CPU
		{AC81B6B6-15A1-40F2-98E4-5ACC23BB27C3}.Release|Any CPU.Build.0 = Release|Any CPU
		{AE728F8E-A41F-41FF-B5D4-013C9849D5B2}.Debug|Any CPU.ActiveCfg = Debug|Any CPU
		{AE728F8E-A41F-41FF-B5D4-013C9849D5B2}.Debug|Any CPU.Build.0 = Debug|Any CPU
		{AE728F8E-A41F-41FF-B5D4-013C9849D5B2}.Release|Any CPU.ActiveCfg = Release|Any CPU
		{AE728F8E-A41F-41FF-B5D4-013C9849D5B2}.Release|Any CPU.Build.0 = Release|Any CPU
		{B9D247FE-C4EA-49B2-83E9-0ED75D844B72}.Debug|Any CPU.ActiveCfg = Debug|Any CPU
		{B9D247FE-C4EA-49B2-83E9-0ED75D844B72}.Debug|Any CPU.Build.0 = Debug|Any CPU
		{B9D247FE-C4EA-49B2-83E9-0ED75D844B72}.Release|Any CPU.ActiveCfg = Release|Any CPU
		{B9D247FE-C4EA-49B2-83E9-0ED75D844B72}.Release|Any CPU.Build.0 = Release|Any CPU
		{C84D5706-3630-4B80-B3D2-8D232EA9B095}.Debug|Any CPU.ActiveCfg = Debug|Any CPU
		{C84D5706-3630-4B80-B3D2-8D232EA9B095}.Debug|Any CPU.Build.0 = Debug|Any CPU
		{C84D5706-3630-4B80-B3D2-8D232EA9B095}.Release|Any CPU.ActiveCfg = Release|Any CPU
		{C84D5706-3630-4B80-B3D2-8D232EA9B095}.Release|Any CPU.Build.0 = Release|Any CPU
		{E7421BBE-A59D-42C4-949A-A3E0661574B1}.Debug|Any CPU.ActiveCfg = Debug|Any CPU
		{E7421BBE-A59D-42C4-949A-A3E0661574B1}.Debug|Any CPU.Build.0 = Debug|Any CPU
		{E7421BBE-A59D-42C4-949A-A3E0661574B1}.Release|Any CPU.ActiveCfg = Release|Any CPU
		{E7421BBE-A59D-42C4-949A-A3E0661574B1}.Release|Any CPU.Build.0 = Release|Any CPU
		{F357EB84-40B4-4B9F-AFC0-DF7EEBFBAF82}.Debug|Any CPU.ActiveCfg = Debug|Any CPU
		{F357EB84-40B4-4B9F-AFC0-DF7EEBFBAF82}.Debug|Any CPU.Build.0 = Debug|Any CPU
		{F357EB84-40B4-4B9F-AFC0-DF7EEBFBAF82}.Release|Any CPU.ActiveCfg = Release|Any CPU
		{F357EB84-40B4-4B9F-AFC0-DF7EEBFBAF82}.Release|Any CPU.Build.0 = Release|Any CPU
		{FDD15C94-7DC2-4D19-9AF4-0E9FD8CCC443}.Debug|Any CPU.ActiveCfg = Debug|Any CPU
		{FDD15C94-7DC2-4D19-9AF4-0E9FD8CCC443}.Debug|Any CPU.Build.0 = Debug|Any CPU
		{FDD15C94-7DC2-4D19-9AF4-0E9FD8CCC443}.Release|Any CPU.ActiveCfg = Release|Any CPU
		{FDD15C94-7DC2-4D19-9AF4-0E9FD8CCC443}.Release|Any CPU.Build.0 = Release|Any CPU
	EndGlobalSection
	GlobalSection(MonoDevelopProperties) = preSolution
		StartupItem = Magix.app\Magix.app.csproj
	EndGlobalSection
EndGlobal
